// !$*UTF8*$!
{
	archiveVersion = 1;
	classes = {
	};
	objectVersion = 46;
	objects = {

/* Begin PBXBuildFile section */
		5543244F1DA8058900B34CA9 /* AppDelegate.swift in Sources */ = {isa = PBXBuildFile; fileRef = 5543244E1DA8058900B34CA9 /* AppDelegate.swift */; };
		554324541DA8058A00B34CA9 /* Main.storyboard in Resources */ = {isa = PBXBuildFile; fileRef = 554324521DA8058900B34CA9 /* Main.storyboard */; };
		554324561DA8058A00B34CA9 /* Assets.xcassets in Resources */ = {isa = PBXBuildFile; fileRef = 554324551DA8058A00B34CA9 /* Assets.xcassets */; };
		554324591DA8058A00B34CA9 /* LaunchScreen.storyboard in Resources */ = {isa = PBXBuildFile; fileRef = 554324571DA8058A00B34CA9 /* LaunchScreen.storyboard */; };
		554324611DA8067100B34CA9 /* TextFieldViewController.swift in Sources */ = {isa = PBXBuildFile; fileRef = 554324601DA8067100B34CA9 /* TextFieldViewController.swift */; };
		554324631DA8069900B34CA9 /* PickerViewController.swift in Sources */ = {isa = PBXBuildFile; fileRef = 554324621DA8069900B34CA9 /* PickerViewController.swift */; };
/* End PBXBuildFile section */

/* Begin PBXFileReference section */
		5543244B1DA8058900B34CA9 /* delegate-challenge.app */ = {isa = PBXFileReference; explicitFileType = wrapper.application; includeInIndex = 0; path = "delegate-challenge.app"; sourceTree = BUILT_PRODUCTS_DIR; };
		5543244E1DA8058900B34CA9 /* AppDelegate.swift */ = {isa = PBXFileReference; lastKnownFileType = sourcecode.swift; path = AppDelegate.swift; sourceTree = "<group>"; };
		554324531DA8058900B34CA9 /* Base */ = {isa = PBXFileReference; lastKnownFileType = file.storyboard; name = Base; path = Base.lproj/Main.storyboard; sourceTree = "<group>"; };
		554324551DA8058A00B34CA9 /* Assets.xcassets */ = {isa = PBXFileReference; lastKnownFileType = folder.assetcatalog; path = Assets.xcassets; sourceTree = "<group>"; };
		554324581DA8058A00B34CA9 /* Base */ = {isa = PBXFileReference; lastKnownFileType = file.storyboard; name = Base; path = Base.lproj/LaunchScreen.storyboard; sourceTree = "<group>"; };
		5543245A1DA8058A00B34CA9 /* Info.plist */ = {isa = PBXFileReference; lastKnownFileType = text.plist.xml; path = Info.plist; sourceTree = "<group>"; };
		554324601DA8067100B34CA9 /* TextFieldViewController.swift */ = {isa = PBXFileReference; fileEncoding = 4; lastKnownFileType = sourcecode.swift; path = TextFieldViewController.swift; sourceTree = "<group>"; };
		554324621DA8069900B34CA9 /* PickerViewController.swift */ = {isa = PBXFileReference; fileEncoding = 4; lastKnownFileType = sourcecode.swift; path = PickerViewController.swift; sourceTree = "<group>"; };
/* End PBXFileReference section */

/* Begin PBXFrameworksBuildPhase section */
		554324481DA8058900B34CA9 /* Frameworks */ = {
			isa = PBXFrameworksBuildPhase;
			buildActionMask = 2147483647;
			files = (
			);
			runOnlyForDeploymentPostprocessing = 0;
		};
/* End PBXFrameworksBuildPhase section */

/* Begin PBXGroup section */
		554324421DA8058900B34CA9 = {
			isa = PBXGroup;
			children = (
				5543244D1DA8058900B34CA9 /* delegate-challenge */,
				5543244C1DA8058900B34CA9 /* Products */,
			);
			sourceTree = "<group>";
		};
		5543244C1DA8058900B34CA9 /* Products */ = {
			isa = PBXGroup;
			children = (
				5543244B1DA8058900B34CA9 /* delegate-challenge.app */,
			);
			name = Products;
			sourceTree = "<group>";
		};
		5543244D1DA8058900B34CA9 /* delegate-challenge */ = {
			isa = PBXGroup;
			children = (
				5543244E1DA8058900B34CA9 /* AppDelegate.swift */,
				554324521DA8058900B34CA9 /* Main.storyboard */,
				554324551DA8058A00B34CA9 /* Assets.xcassets */,
				554324571DA8058A00B34CA9 /* LaunchScreen.storyboard */,
				5543245A1DA8058A00B34CA9 /* Info.plist */,
				554324601DA8067100B34CA9 /* TextFieldViewController.swift */,
				554324621DA8069900B34CA9 /* PickerViewController.swift */,
			);
			path = "delegate-challenge";
			sourceTree = "<group>";
		};
/* End PBXGroup section */

/* Begin PBXNativeTarget section */
		5543244A1DA8058900B34CA9 /* delegate-challenge */ = {
			isa = PBXNativeTarget;
			buildConfigurationList = 5543245D1DA8058A00B34CA9 /* Build configuration list for PBXNativeTarget "delegate-challenge" */;
			buildPhases = (
				554324471DA8058900B34CA9 /* Sources */,
				554324481DA8058900B34CA9 /* Frameworks */,
				554324491DA8058900B34CA9 /* Resources */,
			);
			buildRules = (
			);
			dependencies = (
			);
			name = "delegate-challenge";
			productName = "delegate-challenge";
			productReference = 5543244B1DA8058900B34CA9 /* delegate-challenge.app */;
			productType = "com.apple.product-type.application";
		};
/* End PBXNativeTarget section */

/* Begin PBXProject section */
		554324431DA8058900B34CA9 /* Project object */ = {
			isa = PBXProject;
			attributes = {
				LastSwiftUpdateCheck = 0800;
				LastUpgradeCheck = 0800;
				ORGANIZATIONNAME = "Nikolas Burk";
				TargetAttributes = {
					5543244A1DA8058900B34CA9 = {
						CreatedOnToolsVersion = 8.0;
						ProvisioningStyle = Automatic;
					};
				};
			};
			buildConfigurationList = 554324461DA8058900B34CA9 /* Build configuration list for PBXProject "delegate-challenge" */;
			compatibilityVersion = "Xcode 3.2";
			developmentRegion = English;
			hasScannedForEncodings = 0;
			knownRegions = (
				en,
				Base,
			);
			mainGroup = 554324421DA8058900B34CA9;
			productRefGroup = 5543244C1DA8058900B34CA9 /* Products */;
			projectDirPath = "";
			projectRoot = "";
			targets = (
				5543244A1DA8058900B34CA9 /* delegate-challenge */,
			);
		};
/* End PBXProject section */

/* Begin PBXResourcesBuildPhase section */
		554324491DA8058900B34CA9 /* Resources */ = {
			isa = PBXResourcesBuildPhase;
			buildActionMask = 2147483647;
			files = (
				554324591DA8058A00B34CA9 /* LaunchScreen.storyboard in Resources */,
				554324561DA8058A00B34CA9 /* Assets.xcassets in Resources */,
				554324541DA8058A00B34CA9 /* Main.storyboard in Resources */,
			);
			runOnlyForDeploymentPostprocessing = 0;
		};
/* End PBXResourcesBuildPhase section */

/* Begin PBXSourcesBuildPhase section */
		554324471DA8058900B34CA9 /* Sources */ = {
			isa = PBXSourcesBuildPhase;
			buildActionMask = 2147483647;
			files = (
				554324631DA8069900B34CA9 /* PickerViewController.swift in Sources */,
				554324611DA8067100B34CA9 /* TextFieldViewController.swift in Sources */,
				5543244F1DA8058900B34CA9 /* AppDelegate.swift in Sources */,
			);
			runOnlyForDeploymentPostprocessing = 0;
		};
/* End PBXSourcesBuildPhase section */

/* Begin PBXVariantGroup section */
		554324521DA8058900B34CA9 /* Main.storyboard */ = {
			isa = PBXVariantGroup;
			children = (
				554324531DA8058900B34CA9 /* Base */,
			);
			name = Main.storyboard;
			sourceTree = "<group>";
		};
		554324571DA8058A00B34CA9 /* LaunchScreen.storyboard */ = {
			isa = PBXVariantGroup;
			children = (
				554324581DA8058A00B34CA9 /* Base */,
			);
			name = LaunchScreen.storyboard;
			sourceTree = "<group>";
		};
/* End PBXVariantGroup section */

/* Begin XCBuildConfiguration section */
		5543245B1DA8058A00B34CA9 /* Debug */ = {
			isa = XCBuildConfiguration;
			buildSettings = {
				ALWAYS_SEARCH_USER_PATHS = NO;
				CLANG_ANALYZER_NONNULL = YES;
				CLANG_CXX_LANGUAGE_STANDARD = "gnu++0x";
				CLANG_CXX_LIBRARY = "libc++";
				CLANG_ENABLE_MODULES = YES;
				CLANG_ENABLE_OBJC_ARC = YES;
				CLANG_WARN_BOOL_CONVERSION = YES;
				CLANG_WARN_CONSTANT_CONVERSION = YES;
				CLANG_WARN_DIRECT_OBJC_ISA_USAGE = YES_ERROR;
				CLANG_WARN_DOCUMENTATION_COMMENTS = YES;
				CLANG_WARN_EMPTY_BODY = YES;
				CLANG_WARN_ENUM_CONVERSION = YES;
				CLANG_WARN_INFINITE_RECURSION = YES;
				CLANG_WARN_INT_CONVERSION = YES;
				CLANG_WARN_OBJC_ROOT_CLASS = YES_ERROR;
				CLANG_WARN_SUSPICIOUS_MOVES = YES;
				CLANG_WARN_UNREACHABLE_CODE = YES;
				CLANG_WARN__DUPLICATE_METHOD_MATCH = YES;
				"CODE_SIGN_IDENTITY[sdk=iphoneos*]" = "iPhone Developer";
				COPY_PHASE_STRIP = NO;
				DEBUG_INFORMATION_FORMAT = dwarf;
				ENABLE_STRICT_OBJC_MSGSEND = YES;
				ENABLE_TESTABILITY = YES;
				GCC_C_LANGUAGE_STANDARD = gnu99;
				GCC_DYNAMIC_NO_PIC = NO;
				GCC_NO_COMMON_BLOCKS = YES;
				GCC_OPTIMIZATION_LEVEL = 0;
				GCC_PREPROCESSOR_DEFINITIONS = (
					"DEBUG=1",
					"$(inherited)",
				);
				GCC_WARN_64_TO_32_BIT_CONVERSION = YES;
				GCC_WARN_ABOUT_RETURN_TYPE = YES_ERROR;
				GCC_WARN_UNDECLARED_SELECTOR = YES;
				GCC_WARN_UNINITIALIZED_AUTOS = YES_AGGRESSIVE;
				GCC_WARN_UNUSED_FUNCTION = YES;
				GCC_WARN_UNUSED_VARIABLE = YES;
				IPHONEOS_DEPLOYMENT_TARGET = 10.0;
				MTL_ENABLE_DEBUG_INFO = YES;
				ONLY_ACTIVE_ARCH = YES;
				SDKROOT = iphoneos;
				SWIFT_ACTIVE_COMPILATION_CONDITIONS = DEBUG;
				SWIFT_OPTIMIZATION_LEVEL = "-Onone";
			};
			name = Debug;
		};
		5543245C1DA8058A00B34CA9 /* Release */ = {
			isa = XCBuildConfiguration;
			buildSettings = {
				ALWAYS_SEARCH_USER_PATHS = NO;
				CLANG_ANALYZER_NONNULL = YES;
				CLANG_CXX_LANGUAGE_STANDARD = "gnu++0x";
				CLANG_CXX_LIBRARY = "libc++";
				CLANG_ENABLE_MODULES = YES;
				CLANG_ENABLE_OBJC_ARC = YES;
				CLANG_WARN_BOOL_CONVERSION = YES;
				CLANG_WARN_CONSTANT_CONVERSION = YES;
				CLANG_WARN_DIRECT_OBJC_ISA_USAGE = YES_ERROR;
				CLANG_WARN_DOCUMENTATION_COMMENTS = YES;
				CLANG_WARN_EMPTY_BODY = YES;
				CLANG_WARN_ENUM_CONVERSION = YES;
				CLANG_WARN_INFINITE_RECURSION = YES;
				CLANG_WARN_INT_CONVERSION = YES;
				CLANG_WARN_OBJC_ROOT_CLASS = YES_ERROR;
				CLANG_WARN_SUSPICIOUS_MOVES = YES;
				CLANG_WARN_UNREACHABLE_CODE = YES;
				CLANG_WARN__DUPLICATE_METHOD_MATCH = YES;
				"CODE_SIGN_IDENTITY[sdk=iphoneos*]" = "iPhone Developer";
				COPY_PHASE_STRIP = NO;
				DEBUG_INFORMATION_FORMAT = "dwarf-with-dsym";
				ENABLE_NS_ASSERTIONS = NO;
				ENABLE_STRICT_OBJC_MSGSEND = YES;
				GCC_C_LANGUAGE_STANDARD = gnu99;
				GCC_NO_COMMON_BLOCKS = YES;
				GCC_WARN_64_TO_32_BIT_CONVERSION = YES;
				GCC_WARN_ABOUT_RETURN_TYPE = YES_ERROR;
				GCC_WARN_UNDECLARED_SELECTOR = YES;
				GCC_WARN_UNINITIALIZED_AUTOS = YES_AGGRESSIVE;
				GCC_WARN_UNUSED_FUNCTION = YES;
				GCC_WARN_UNUSED_VARIABLE = YES;
				IPHONEOS_DEPLOYMENT_TARGET = 10.0;
				MTL_ENABLE_DEBUG_INFO = NO;
				SDKROOT = iphoneos;
				SWIFT_OPTIMIZATION_LEVEL = "-Owholemodule";
				VALIDATE_PRODUCT = YES;
			};
			name = Release;
		};
		5543245E1DA8058A00B34CA9 /* Debug */ = {
			isa = XCBuildConfiguration;
			buildSettings = {
				ASSETCATALOG_COMPILER_APPICON_NAME = AppIcon;
				INFOPLIST_FILE = "delegate-challenge/Info.plist";
				LD_RUNPATH_SEARCH_PATHS = "$(inherited) @executable_path/Frameworks";
				PRODUCT_BUNDLE_IDENTIFIER = "com.makeschool.nikolasburk.delegate-challenge";
				PRODUCT_NAME = "$(TARGET_NAME)";
				SWIFT_VERSION = 3.0;
			};
			name = Debug;
		};
		5543245F1DA8058A00B34CA9 /* Release */ = {
			isa = XCBuildConfiguration;
			buildSettings = {
				ASSETCATALOG_COMPILER_APPICON_NAME = AppIcon;
				INFOPLIST_FILE = "delegate-challenge/Info.plist";
				LD_RUNPATH_SEARCH_PATHS = "$(inherited) @executable_path/Frameworks";
				PRODUCT_BUNDLE_IDENTIFIER = "com.makeschool.nikolasburk.delegate-challenge";
				PRODUCT_NAME = "$(TARGET_NAME)";
				SWIFT_VERSION = 3.0;
			};
			name = Release;
		};
/* End XCBuildConfiguration section */

/* Begin XCConfigurationList section */
		554324461DA8058900B34CA9 /* Build configuration list for PBXProject "delegate-challenge" */ = {
			isa = XCConfigurationList;
			buildConfigurations = (
				5543245B1DA8058A00B34CA9 /* Debug */,
				5543245C1DA8058A00B34CA9 /* Release */,
			);
			defaultConfigurationIsVisible = 0;
			defaultConfigurationName = Release;
		};
		5543245D1DA8058A00B34CA9 /* Build configuration list for PBXNativeTarget "delegate-challenge" */ = {
			isa = XCConfigurationList;
			buildConfigurations = (
				5543245E1DA8058A00B34CA9 /* Debug */,
				5543245F1DA8058A00B34CA9 /* Release */,
			);
			defaultConfigurationIsVisible = 0;
		};
/* End XCConfigurationList section */
	};
	rootObject = 554324431DA8058900B34CA9 /* Project object */;
}
