// !$*UTF8*$!
{
	archiveVersion = 1;
	classes = {
	};
	objectVersion = 46;
	objects = {

/* Begin PBXBuildFile section */
		2B2EA941EB3A23B6FCBBA918 /* Pods_CollectionView.framework in Frameworks */ = {isa = PBXBuildFile; fileRef = 1C2A7675D4761FBD1194E2EC /* Pods_CollectionView.framework */; };
		E6084C421DFF8AFE00C07E10 /* AppDelegate.swift in Sources */ = {isa = PBXBuildFile; fileRef = E6084C411DFF8AFE00C07E10 /* AppDelegate.swift */; };
		E6084C441DFF8AFE00C07E10 /* ViewController.swift in Sources */ = {isa = PBXBuildFile; fileRef = E6084C431DFF8AFE00C07E10 /* ViewController.swift */; };
		E6084C471DFF8AFE00C07E10 /* Main.storyboard in Resources */ = {isa = PBXBuildFile; fileRef = E6084C451DFF8AFE00C07E10 /* Main.storyboard */; };
		E6084C491DFF8AFE00C07E10 /* Assets.xcassets in Resources */ = {isa = PBXBuildFile; fileRef = E6084C481DFF8AFE00C07E10 /* Assets.xcassets */; };
		E6084C4C1DFF8AFE00C07E10 /* LaunchScreen.storyboard in Resources */ = {isa = PBXBuildFile; fileRef = E6084C4A1DFF8AFE00C07E10 /* LaunchScreen.storyboard */; };
		E6084C571DFF8AFE00C07E10 /* CollectionViewTests.swift in Sources */ = {isa = PBXBuildFile; fileRef = E6084C561DFF8AFE00C07E10 /* CollectionViewTests.swift */; };
		E6084C621DFF8AFE00C07E10 /* CollectionViewUITests.swift in Sources */ = {isa = PBXBuildFile; fileRef = E6084C611DFF8AFE00C07E10 /* CollectionViewUITests.swift */; };
		E6084C701DFF981E00C07E10 /* RouteCollectionViewCell.swift in Sources */ = {isa = PBXBuildFile; fileRef = E6084C6F1DFF981E00C07E10 /* RouteCollectionViewCell.swift */; };
		E6084C721DFF99A800C07E10 /* Route.swift in Sources */ = {isa = PBXBuildFile; fileRef = E6084C711DFF99A800C07E10 /* Route.swift */; };
		E6084C741DFFC01A00C07E10 /* LGHorizontalLinearFlowLayout.swift in Sources */ = {isa = PBXBuildFile; fileRef = E6084C731DFFC01900C07E10 /* LGHorizontalLinearFlowLayout.swift */; };
		E6084C761DFFC06300C07E10 /* RouteNameCollectionViewCell.swift in Sources */ = {isa = PBXBuildFile; fileRef = E6084C751DFFC06300C07E10 /* RouteNameCollectionViewCell.swift */; };
		E6084C781E006D8800C07E10 /* ETA.png in Resources */ = {isa = PBXBuildFile; fileRef = E6084C771E006D8800C07E10 /* ETA.png */; };
		E6084C7A1E006E7C00C07E10 /* Biker.png in Resources */ = {isa = PBXBuildFile; fileRef = E6084C791E006E7C00C07E10 /* Biker.png */; };
/* End PBXBuildFile section */

/* Begin PBXContainerItemProxy section */
		E6084C531DFF8AFE00C07E10 /* PBXContainerItemProxy */ = {
			isa = PBXContainerItemProxy;
			containerPortal = E6084C361DFF8AFE00C07E10 /* Project object */;
			proxyType = 1;
			remoteGlobalIDString = E6084C3D1DFF8AFE00C07E10;
			remoteInfo = CollectionView;
		};
		E6084C5E1DFF8AFE00C07E10 /* PBXContainerItemProxy */ = {
			isa = PBXContainerItemProxy;
			containerPortal = E6084C361DFF8AFE00C07E10 /* Project object */;
			proxyType = 1;
			remoteGlobalIDString = E6084C3D1DFF8AFE00C07E10;
			remoteInfo = CollectionView;
		};
/* End PBXContainerItemProxy section */

/* Begin PBXFileReference section */
		078E5C91B07595854E3615AB /* Pods-CollectionView.release.xcconfig */ = {isa = PBXFileReference; includeInIndex = 1; lastKnownFileType = text.xcconfig; name = "Pods-CollectionView.release.xcconfig"; path = "Pods/Target Support Files/Pods-CollectionView/Pods-CollectionView.release.xcconfig"; sourceTree = "<group>"; };
		1C2A7675D4761FBD1194E2EC /* Pods_CollectionView.framework */ = {isa = PBXFileReference; explicitFileType = wrapper.framework; includeInIndex = 0; path = Pods_CollectionView.framework; sourceTree = BUILT_PRODUCTS_DIR; };
		E004F48CA28D80F0045BFECB /* Pods-CollectionView.debug.xcconfig */ = {isa = PBXFileReference; includeInIndex = 1; lastKnownFileType = text.xcconfig; name = "Pods-CollectionView.debug.xcconfig"; path = "Pods/Target Support Files/Pods-CollectionView/Pods-CollectionView.debug.xcconfig"; sourceTree = "<group>"; };
		E6084C3E1DFF8AFE00C07E10 /* CollectionView.app */ = {isa = PBXFileReference; explicitFileType = wrapper.application; includeInIndex = 0; path = CollectionView.app; sourceTree = BUILT_PRODUCTS_DIR; };
		E6084C411DFF8AFE00C07E10 /* AppDelegate.swift */ = {isa = PBXFileReference; lastKnownFileType = sourcecode.swift; path = AppDelegate.swift; sourceTree = "<group>"; };
		E6084C431DFF8AFE00C07E10 /* ViewController.swift */ = {isa = PBXFileReference; lastKnownFileType = sourcecode.swift; path = ViewController.swift; sourceTree = "<group>"; };
		E6084C461DFF8AFE00C07E10 /* Base */ = {isa = PBXFileReference; lastKnownFileType = file.storyboard; name = Base; path = Base.lproj/Main.storyboard; sourceTree = "<group>"; };
		E6084C481DFF8AFE00C07E10 /* Assets.xcassets */ = {isa = PBXFileReference; lastKnownFileType = folder.assetcatalog; path = Assets.xcassets; sourceTree = "<group>"; };
		E6084C4B1DFF8AFE00C07E10 /* Base */ = {isa = PBXFileReference; lastKnownFileType = file.storyboard; name = Base; path = Base.lproj/LaunchScreen.storyboard; sourceTree = "<group>"; };
		E6084C4D1DFF8AFE00C07E10 /* Info.plist */ = {isa = PBXFileReference; lastKnownFileType = text.plist.xml; path = Info.plist; sourceTree = "<group>"; };
		E6084C521DFF8AFE00C07E10 /* CollectionViewTests.xctest */ = {isa = PBXFileReference; explicitFileType = wrapper.cfbundle; includeInIndex = 0; path = CollectionViewTests.xctest; sourceTree = BUILT_PRODUCTS_DIR; };
		E6084C561DFF8AFE00C07E10 /* CollectionViewTests.swift */ = {isa = PBXFileReference; lastKnownFileType = sourcecode.swift; path = CollectionViewTests.swift; sourceTree = "<group>"; };
		E6084C581DFF8AFE00C07E10 /* Info.plist */ = {isa = PBXFileReference; lastKnownFileType = text.plist.xml; path = Info.plist; sourceTree = "<group>"; };
		E6084C5D1DFF8AFE00C07E10 /* CollectionViewUITests.xctest */ = {isa = PBXFileReference; explicitFileType = wrapper.cfbundle; includeInIndex = 0; path = CollectionViewUITests.xctest; sourceTree = BUILT_PRODUCTS_DIR; };
		E6084C611DFF8AFE00C07E10 /* CollectionViewUITests.swift */ = {isa = PBXFileReference; lastKnownFileType = sourcecode.swift; path = CollectionViewUITests.swift; sourceTree = "<group>"; };
		E6084C631DFF8AFE00C07E10 /* Info.plist */ = {isa = PBXFileReference; lastKnownFileType = text.plist.xml; path = Info.plist; sourceTree = "<group>"; };
		E6084C6F1DFF981E00C07E10 /* RouteCollectionViewCell.swift */ = {isa = PBXFileReference; fileEncoding = 4; lastKnownFileType = sourcecode.swift; path = RouteCollectionViewCell.swift; sourceTree = "<group>"; };
		E6084C711DFF99A800C07E10 /* Route.swift */ = {isa = PBXFileReference; fileEncoding = 4; lastKnownFileType = sourcecode.swift; path = Route.swift; sourceTree = "<group>"; };
		E6084C731DFFC01900C07E10 /* LGHorizontalLinearFlowLayout.swift */ = {isa = PBXFileReference; fileEncoding = 4; lastKnownFileType = sourcecode.swift; path = LGHorizontalLinearFlowLayout.swift; sourceTree = "<group>"; };
		E6084C751DFFC06300C07E10 /* RouteNameCollectionViewCell.swift */ = {isa = PBXFileReference; fileEncoding = 4; lastKnownFileType = sourcecode.swift; path = RouteNameCollectionViewCell.swift; sourceTree = "<group>"; };
		E6084C771E006D8800C07E10 /* ETA.png */ = {isa = PBXFileReference; lastKnownFileType = image.png; path = ETA.png; sourceTree = "<group>"; };
		E6084C791E006E7C00C07E10 /* Biker.png */ = {isa = PBXFileReference; lastKnownFileType = image.png; path = Biker.png; sourceTree = "<group>"; };
/* End PBXFileReference section */

/* Begin PBXFrameworksBuildPhase section */
		E6084C3B1DFF8AFE00C07E10 /* Frameworks */ = {
			isa = PBXFrameworksBuildPhase;
			buildActionMask = 2147483647;
			files = (
				2B2EA941EB3A23B6FCBBA918 /* Pods_CollectionView.framework in Frameworks */,
			);
			runOnlyForDeploymentPostprocessing = 0;
		};
		E6084C4F1DFF8AFE00C07E10 /* Frameworks */ = {
			isa = PBXFrameworksBuildPhase;
			buildActionMask = 2147483647;
			files = (
			);
			runOnlyForDeploymentPostprocessing = 0;
		};
		E6084C5A1DFF8AFE00C07E10 /* Frameworks */ = {
			isa = PBXFrameworksBuildPhase;
			buildActionMask = 2147483647;
			files = (
			);
			runOnlyForDeploymentPostprocessing = 0;
		};
/* End PBXFrameworksBuildPhase section */

/* Begin PBXGroup section */
		065F4E76386468AC2C0C0348 /* Frameworks */ = {
			isa = PBXGroup;
			children = (
				1C2A7675D4761FBD1194E2EC /* Pods_CollectionView.framework */,
			);
			name = Frameworks;
			sourceTree = "<group>";
		};
		C39B2B0326202136B884EE02 /* Pods */ = {
			isa = PBXGroup;
			children = (
				E004F48CA28D80F0045BFECB /* Pods-CollectionView.debug.xcconfig */,
				078E5C91B07595854E3615AB /* Pods-CollectionView.release.xcconfig */,
			);
			name = Pods;
			sourceTree = "<group>";
		};
		E6084C351DFF8AFE00C07E10 = {
			isa = PBXGroup;
			children = (
				E6084C401DFF8AFE00C07E10 /* CollectionView */,
				E6084C551DFF8AFE00C07E10 /* CollectionViewTests */,
				E6084C601DFF8AFE00C07E10 /* CollectionViewUITests */,
				E6084C3F1DFF8AFE00C07E10 /* Products */,
				C39B2B0326202136B884EE02 /* Pods */,
				065F4E76386468AC2C0C0348 /* Frameworks */,
			);
			sourceTree = "<group>";
		};
		E6084C3F1DFF8AFE00C07E10 /* Products */ = {
			isa = PBXGroup;
			children = (
				E6084C3E1DFF8AFE00C07E10 /* CollectionView.app */,
				E6084C521DFF8AFE00C07E10 /* CollectionViewTests.xctest */,
				E6084C5D1DFF8AFE00C07E10 /* CollectionViewUITests.xctest */,
			);
			name = Products;
			sourceTree = "<group>";
		};
		E6084C401DFF8AFE00C07E10 /* CollectionView */ = {
			isa = PBXGroup;
			children = (
				E6084C411DFF8AFE00C07E10 /* AppDelegate.swift */,
				E6084C431DFF8AFE00C07E10 /* ViewController.swift */,
				E6084C731DFFC01900C07E10 /* LGHorizontalLinearFlowLayout.swift */,
				E6084C451DFF8AFE00C07E10 /* Main.storyboard */,
				E6084C771E006D8800C07E10 /* ETA.png */,
				E6084C791E006E7C00C07E10 /* Biker.png */,
				E6084C711DFF99A800C07E10 /* Route.swift */,
				E6084C481DFF8AFE00C07E10 /* Assets.xcassets */,
				E6084C4A1DFF8AFE00C07E10 /* LaunchScreen.storyboard */,
				E6084C4D1DFF8AFE00C07E10 /* Info.plist */,
				E6084C6F1DFF981E00C07E10 /* RouteCollectionViewCell.swift */,
				E6084C751DFFC06300C07E10 /* RouteNameCollectionViewCell.swift */,
			);
			path = CollectionView;
			sourceTree = "<group>";
		};
		E6084C551DFF8AFE00C07E10 /* CollectionViewTests */ = {
			isa = PBXGroup;
			children = (
				E6084C561DFF8AFE00C07E10 /* CollectionViewTests.swift */,
				E6084C581DFF8AFE00C07E10 /* Info.plist */,
			);
			path = CollectionViewTests;
			sourceTree = "<group>";
		};
		E6084C601DFF8AFE00C07E10 /* CollectionViewUITests */ = {
			isa = PBXGroup;
			children = (
				E6084C611DFF8AFE00C07E10 /* CollectionViewUITests.swift */,
				E6084C631DFF8AFE00C07E10 /* Info.plist */,
			);
			path = CollectionViewUITests;
			sourceTree = "<group>";
		};
/* End PBXGroup section */

/* Begin PBXNativeTarget section */
		E6084C3D1DFF8AFE00C07E10 /* CollectionView */ = {
			isa = PBXNativeTarget;
			buildConfigurationList = E6084C661DFF8AFE00C07E10 /* Build configuration list for PBXNativeTarget "CollectionView" */;
			buildPhases = (
				4CB0EB6A4A3494B59AD826E6 /* [CP] Check Pods Manifest.lock */,
				E6084C3A1DFF8AFE00C07E10 /* Sources */,
				E6084C3B1DFF8AFE00C07E10 /* Frameworks */,
				E6084C3C1DFF8AFE00C07E10 /* Resources */,
				A7422F5369FC7055E89D4A8F /* [CP] Embed Pods Frameworks */,
				537088CC42F72EBD3087BFC0 /* [CP] Copy Pods Resources */,
			);
			buildRules = (
			);
			dependencies = (
			);
			name = CollectionView;
			productName = CollectionView;
			productReference = E6084C3E1DFF8AFE00C07E10 /* CollectionView.app */;
			productType = "com.apple.product-type.application";
		};
		E6084C511DFF8AFE00C07E10 /* CollectionViewTests */ = {
			isa = PBXNativeTarget;
			buildConfigurationList = E6084C691DFF8AFE00C07E10 /* Build configuration list for PBXNativeTarget "CollectionViewTests" */;
			buildPhases = (
				E6084C4E1DFF8AFE00C07E10 /* Sources */,
				E6084C4F1DFF8AFE00C07E10 /* Frameworks */,
				E6084C501DFF8AFE00C07E10 /* Resources */,
			);
			buildRules = (
			);
			dependencies = (
				E6084C541DFF8AFE00C07E10 /* PBXTargetDependency */,
			);
			name = CollectionViewTests;
			productName = CollectionViewTests;
			productReference = E6084C521DFF8AFE00C07E10 /* CollectionViewTests.xctest */;
			productType = "com.apple.product-type.bundle.unit-test";
		};
		E6084C5C1DFF8AFE00C07E10 /* CollectionViewUITests */ = {
			isa = PBXNativeTarget;
			buildConfigurationList = E6084C6C1DFF8AFE00C07E10 /* Build configuration list for PBXNativeTarget "CollectionViewUITests" */;
			buildPhases = (
				E6084C591DFF8AFE00C07E10 /* Sources */,
				E6084C5A1DFF8AFE00C07E10 /* Frameworks */,
				E6084C5B1DFF8AFE00C07E10 /* Resources */,
			);
			buildRules = (
			);
			dependencies = (
				E6084C5F1DFF8AFE00C07E10 /* PBXTargetDependency */,
			);
			name = CollectionViewUITests;
			productName = CollectionViewUITests;
			productReference = E6084C5D1DFF8AFE00C07E10 /* CollectionViewUITests.xctest */;
			productType = "com.apple.product-type.bundle.ui-testing";
		};
/* End PBXNativeTarget section */

/* Begin PBXProject section */
		E6084C361DFF8AFE00C07E10 /* Project object */ = {
			isa = PBXProject;
			attributes = {
				LastSwiftUpdateCheck = 0810;
				LastUpgradeCheck = 0810;
				ORGANIZATIONNAME = "Miriam Hendler";
				TargetAttributes = {
					E6084C3D1DFF8AFE00C07E10 = {
						CreatedOnToolsVersion = 8.1;
						DevelopmentTeam = 7QQX7GNST9;
						LastSwiftMigration = 0810;
						ProvisioningStyle = Automatic;
					};
					E6084C511DFF8AFE00C07E10 = {
						CreatedOnToolsVersion = 8.1;
						DevelopmentTeam = 7QQX7GNST9;
						LastSwiftMigration = 0810;
						ProvisioningStyle = Automatic;
						TestTargetID = E6084C3D1DFF8AFE00C07E10;
					};
					E6084C5C1DFF8AFE00C07E10 = {
						CreatedOnToolsVersion = 8.1;
						DevelopmentTeam = 7QQX7GNST9;
						LastSwiftMigration = 0810;
						ProvisioningStyle = Automatic;
						TestTargetID = E6084C3D1DFF8AFE00C07E10;
					};
				};
			};
			buildConfigurationList = E6084C391DFF8AFE00C07E10 /* Build configuration list for PBXProject "CollectionView" */;
			compatibilityVersion = "Xcode 3.2";
			developmentRegion = English;
			hasScannedForEncodings = 0;
			knownRegions = (
				en,
				Base,
			);
			mainGroup = E6084C351DFF8AFE00C07E10;
			productRefGroup = E6084C3F1DFF8AFE00C07E10 /* Products */;
			projectDirPath = "";
			projectRoot = "";
			targets = (
				E6084C3D1DFF8AFE00C07E10 /* CollectionView */,
				E6084C511DFF8AFE00C07E10 /* CollectionViewTests */,
				E6084C5C1DFF8AFE00C07E10 /* CollectionViewUITests */,
			);
		};
/* End PBXProject section */

/* Begin PBXResourcesBuildPhase section */
		E6084C3C1DFF8AFE00C07E10 /* Resources */ = {
			isa = PBXResourcesBuildPhase;
			buildActionMask = 2147483647;
			files = (
				E6084C781E006D8800C07E10 /* ETA.png in Resources */,
				E6084C4C1DFF8AFE00C07E10 /* LaunchScreen.storyboard in Resources */,
				E6084C491DFF8AFE00C07E10 /* Assets.xcassets in Resources */,
				E6084C7A1E006E7C00C07E10 /* Biker.png in Resources */,
				E6084C471DFF8AFE00C07E10 /* Main.storyboard in Resources */,
			);
			runOnlyForDeploymentPostprocessing = 0;
		};
		E6084C501DFF8AFE00C07E10 /* Resources */ = {
			isa = PBXResourcesBuildPhase;
			buildActionMask = 2147483647;
			files = (
			);
			runOnlyForDeploymentPostprocessing = 0;
		};
		E6084C5B1DFF8AFE00C07E10 /* Resources */ = {
			isa = PBXResourcesBuildPhase;
			buildActionMask = 2147483647;
			files = (
			);
			runOnlyForDeploymentPostprocessing = 0;
		};
/* End PBXResourcesBuildPhase section */

/* Begin PBXShellScriptBuildPhase section */
		4CB0EB6A4A3494B59AD826E6 /* [CP] Check Pods Manifest.lock */ = {
			isa = PBXShellScriptBuildPhase;
			buildActionMask = 2147483647;
			files = (
			);
			inputPaths = (
			);
			name = "[CP] Check Pods Manifest.lock";
			outputPaths = (
			);
			runOnlyForDeploymentPostprocessing = 0;
			shellPath = /bin/sh;
			shellScript = "diff \"${PODS_ROOT}/../Podfile.lock\" \"${PODS_ROOT}/Manifest.lock\" > /dev/null\nif [[ $? != 0 ]] ; then\n    cat << EOM\nerror: The sandbox is not in sync with the Podfile.lock. Run 'pod install' or update your CocoaPods installation.\nEOM\n    exit 1\nfi\n";
			showEnvVarsInLog = 0;
		};
		537088CC42F72EBD3087BFC0 /* [CP] Copy Pods Resources */ = {
			isa = PBXShellScriptBuildPhase;
			buildActionMask = 2147483647;
			files = (
			);
			inputPaths = (
			);
			name = "[CP] Copy Pods Resources";
			outputPaths = (
			);
			runOnlyForDeploymentPostprocessing = 0;
			shellPath = /bin/sh;
			shellScript = "\"${SRCROOT}/Pods/Target Support Files/Pods-CollectionView/Pods-CollectionView-resources.sh\"\n";
			showEnvVarsInLog = 0;
		};
		A7422F5369FC7055E89D4A8F /* [CP] Embed Pods Frameworks */ = {
			isa = PBXShellScriptBuildPhase;
			buildActionMask = 2147483647;
			files = (
			);
			inputPaths = (
			);
			name = "[CP] Embed Pods Frameworks";
			outputPaths = (
			);
			runOnlyForDeploymentPostprocessing = 0;
			shellPath = /bin/sh;
			shellScript = "\"${SRCROOT}/Pods/Target Support Files/Pods-CollectionView/Pods-CollectionView-frameworks.sh\"\n";
			showEnvVarsInLog = 0;
		};
/* End PBXShellScriptBuildPhase section */

/* Begin PBXSourcesBuildPhase section */
		E6084C3A1DFF8AFE00C07E10 /* Sources */ = {
			isa = PBXSourcesBuildPhase;
			buildActionMask = 2147483647;
			files = (
				E6084C441DFF8AFE00C07E10 /* ViewController.swift in Sources */,
				E6084C741DFFC01A00C07E10 /* LGHorizontalLinearFlowLayout.swift in Sources */,
				E6084C721DFF99A800C07E10 /* Route.swift in Sources */,
				E6084C761DFFC06300C07E10 /* RouteNameCollectionViewCell.swift in Sources */,
				E6084C701DFF981E00C07E10 /* RouteCollectionViewCell.swift in Sources */,
				E6084C421DFF8AFE00C07E10 /* AppDelegate.swift in Sources */,
			);
			runOnlyForDeploymentPostprocessing = 0;
		};
		E6084C4E1DFF8AFE00C07E10 /* Sources */ = {
			isa = PBXSourcesBuildPhase;
			buildActionMask = 2147483647;
			files = (
				E6084C571DFF8AFE00C07E10 /* CollectionViewTests.swift in Sources */,
			);
			runOnlyForDeploymentPostprocessing = 0;
		};
		E6084C591DFF8AFE00C07E10 /* Sources */ = {
			isa = PBXSourcesBuildPhase;
			buildActionMask = 2147483647;
			files = (
				E6084C621DFF8AFE00C07E10 /* CollectionViewUITests.swift in Sources */,
			);
			runOnlyForDeploymentPostprocessing = 0;
		};
/* End PBXSourcesBuildPhase section */

/* Begin PBXTargetDependency section */
		E6084C541DFF8AFE00C07E10 /* PBXTargetDependency */ = {
			isa = PBXTargetDependency;
			target = E6084C3D1DFF8AFE00C07E10 /* CollectionView */;
			targetProxy = E6084C531DFF8AFE00C07E10 /* PBXContainerItemProxy */;
		};
		E6084C5F1DFF8AFE00C07E10 /* PBXTargetDependency */ = {
			isa = PBXTargetDependency;
			target = E6084C3D1DFF8AFE00C07E10 /* CollectionView */;
			targetProxy = E6084C5E1DFF8AFE00C07E10 /* PBXContainerItemProxy */;
		};
/* End PBXTargetDependency section */

/* Begin PBXVariantGroup section */
		E6084C451DFF8AFE00C07E10 /* Main.storyboard */ = {
			isa = PBXVariantGroup;
			children = (
				E6084C461DFF8AFE00C07E10 /* Base */,
			);
			name = Main.storyboard;
			sourceTree = "<group>";
		};
		E6084C4A1DFF8AFE00C07E10 /* LaunchScreen.storyboard */ = {
			isa = PBXVariantGroup;
			children = (
				E6084C4B1DFF8AFE00C07E10 /* Base */,
			);
			name = LaunchScreen.storyboard;
			sourceTree = "<group>";
		};
/* End PBXVariantGroup section */

/* Begin XCBuildConfiguration section */
		E6084C641DFF8AFE00C07E10 /* Debug */ = {
			isa = XCBuildConfiguration;
			buildSettings = {
				ALWAYS_SEARCH_USER_PATHS = NO;
				CLANG_ANALYZER_NONNULL = YES;
				CLANG_CXX_LANGUAGE_STANDARD = "gnu++0x";
				CLANG_CXX_LIBRARY = "libc++";
				CLANG_ENABLE_MODULES = YES;
				CLANG_ENABLE_OBJC_ARC = YES;
				CLANG_WARN_BOOL_CONVERSION = YES;
				CLANG_WARN_CONSTANT_CONVERSION = YES;
				CLANG_WARN_DIRECT_OBJC_ISA_USAGE = YES_ERROR;
				CLANG_WARN_DOCUMENTATION_COMMENTS = YES;
				CLANG_WARN_EMPTY_BODY = YES;
				CLANG_WARN_ENUM_CONVERSION = YES;
				CLANG_WARN_INFINITE_RECURSION = YES;
				CLANG_WARN_INT_CONVERSION = YES;
				CLANG_WARN_OBJC_ROOT_CLASS = YES_ERROR;
				CLANG_WARN_SUSPICIOUS_MOVES = YES;
				CLANG_WARN_UNREACHABLE_CODE = YES;
				CLANG_WARN__DUPLICATE_METHOD_MATCH = YES;
				"CODE_SIGN_IDENTITY[sdk=iphoneos*]" = "iPhone Developer";
				COPY_PHASE_STRIP = NO;
				DEBUG_INFORMATION_FORMAT = dwarf;
				ENABLE_STRICT_OBJC_MSGSEND = YES;
				ENABLE_TESTABILITY = YES;
				GCC_C_LANGUAGE_STANDARD = gnu99;
				GCC_DYNAMIC_NO_PIC = NO;
				GCC_NO_COMMON_BLOCKS = YES;
				GCC_OPTIMIZATION_LEVEL = 0;
				GCC_PREPROCESSOR_DEFINITIONS = (
					"DEBUG=1",
					"$(inherited)",
				);
				GCC_WARN_64_TO_32_BIT_CONVERSION = YES;
				GCC_WARN_ABOUT_RETURN_TYPE = YES_ERROR;
				GCC_WARN_UNDECLARED_SELECTOR = YES;
				GCC_WARN_UNINITIALIZED_AUTOS = YES_AGGRESSIVE;
				GCC_WARN_UNUSED_FUNCTION = YES;
				GCC_WARN_UNUSED_VARIABLE = YES;
				IPHONEOS_DEPLOYMENT_TARGET = 10.1;
				MTL_ENABLE_DEBUG_INFO = YES;
				ONLY_ACTIVE_ARCH = YES;
				SDKROOT = iphoneos;
				SWIFT_ACTIVE_COMPILATION_CONDITIONS = DEBUG;
				SWIFT_OPTIMIZATION_LEVEL = "-Onone";
				TARGETED_DEVICE_FAMILY = "1,2";
			};
			name = Debug;
		};
		E6084C651DFF8AFE00C07E10 /* Release */ = {
			isa = XCBuildConfiguration;
			buildSettings = {
				ALWAYS_SEARCH_USER_PATHS = NO;
				CLANG_ANALYZER_NONNULL = YES;
				CLANG_CXX_LANGUAGE_STANDARD = "gnu++0x";
				CLANG_CXX_LIBRARY = "libc++";
				CLANG_ENABLE_MODULES = YES;
				CLANG_ENABLE_OBJC_ARC = YES;
				CLANG_WARN_BOOL_CONVERSION = YES;
				CLANG_WARN_CONSTANT_CONVERSION = YES;
				CLANG_WARN_DIRECT_OBJC_ISA_USAGE = YES_ERROR;
				CLANG_WARN_DOCUMENTATION_COMMENTS = YES;
				CLANG_WARN_EMPTY_BODY = YES;
				CLANG_WARN_ENUM_CONVERSION = YES;
				CLANG_WARN_INFINITE_RECURSION = YES;
				CLANG_WARN_INT_CONVERSION = YES;
				CLANG_WARN_OBJC_ROOT_CLASS = YES_ERROR;
				CLANG_WARN_SUSPICIOUS_MOVES = YES;
				CLANG_WARN_UNREACHABLE_CODE = YES;
				CLANG_WARN__DUPLICATE_METHOD_MATCH = YES;
				"CODE_SIGN_IDENTITY[sdk=iphoneos*]" = "iPhone Developer";
				COPY_PHASE_STRIP = NO;
				DEBUG_INFORMATION_FORMAT = "dwarf-with-dsym";
				ENABLE_NS_ASSERTIONS = NO;
				ENABLE_STRICT_OBJC_MSGSEND = YES;
				GCC_C_LANGUAGE_STANDARD = gnu99;
				GCC_NO_COMMON_BLOCKS = YES;
				GCC_WARN_64_TO_32_BIT_CONVERSION = YES;
				GCC_WARN_ABOUT_RETURN_TYPE = YES_ERROR;
				GCC_WARN_UNDECLARED_SELECTOR = YES;
				GCC_WARN_UNINITIALIZED_AUTOS = YES_AGGRESSIVE;
				GCC_WARN_UNUSED_FUNCTION = YES;
				GCC_WARN_UNUSED_VARIABLE = YES;
				IPHONEOS_DEPLOYMENT_TARGET = 10.1;
				MTL_ENABLE_DEBUG_INFO = NO;
				SDKROOT = iphoneos;
				SWIFT_OPTIMIZATION_LEVEL = "-Owholemodule";
				TARGETED_DEVICE_FAMILY = "1,2";
				VALIDATE_PRODUCT = YES;
			};
			name = Release;
		};
		E6084C671DFF8AFE00C07E10 /* Debug */ = {
			isa = XCBuildConfiguration;
			baseConfigurationReference = E004F48CA28D80F0045BFECB /* Pods-CollectionView.debug.xcconfig */;
			buildSettings = {
				ASSETCATALOG_COMPILER_APPICON_NAME = AppIcon;
				DEVELOPMENT_TEAM = 7QQX7GNST9;
				INFOPLIST_FILE = CollectionView/Info.plist;
				LD_RUNPATH_SEARCH_PATHS = "$(inherited) @executable_path/Frameworks";
				PRODUCT_BUNDLE_IDENTIFIER = com.miriamhendler.CollectionView;
				PRODUCT_NAME = "$(TARGET_NAME)";
				SWIFT_VERSION = 3.0;
			};
			name = Debug;
		};
		E6084C681DFF8AFE00C07E10 /* Release */ = {
			isa = XCBuildConfiguration;
			baseConfigurationReference = 078E5C91B07595854E3615AB /* Pods-CollectionView.release.xcconfig */;
			buildSettings = {
				ASSETCATALOG_COMPILER_APPICON_NAME = AppIcon;
				DEVELOPMENT_TEAM = 7QQX7GNST9;
				INFOPLIST_FILE = CollectionView/Info.plist;
				LD_RUNPATH_SEARCH_PATHS = "$(inherited) @executable_path/Frameworks";
				PRODUCT_BUNDLE_IDENTIFIER = com.miriamhendler.CollectionView;
				PRODUCT_NAME = "$(TARGET_NAME)";
				SWIFT_VERSION = 3.0;
			};
			name = Release;
		};
		E6084C6A1DFF8AFE00C07E10 /* Debug */ = {
			isa = XCBuildConfiguration;
			buildSettings = {
				ALWAYS_EMBED_SWIFT_STANDARD_LIBRARIES = YES;
				BUNDLE_LOADER = "$(TEST_HOST)";
				DEVELOPMENT_TEAM = 7QQX7GNST9;
				INFOPLIST_FILE = CollectionViewTests/Info.plist;
				LD_RUNPATH_SEARCH_PATHS = "$(inherited) @executable_path/Frameworks @loader_path/Frameworks";
				PRODUCT_BUNDLE_IDENTIFIER = com.miriamhendler.CollectionViewTests;
				PRODUCT_NAME = "$(TARGET_NAME)";
				SWIFT_VERSION = 3.0;
				TEST_HOST = "$(BUILT_PRODUCTS_DIR)/CollectionView.app/CollectionView";
			};
			name = Debug;
		};
		E6084C6B1DFF8AFE00C07E10 /* Release */ = {
			isa = XCBuildConfiguration;
			buildSettings = {
				ALWAYS_EMBED_SWIFT_STANDARD_LIBRARIES = YES;
				BUNDLE_LOADER = "$(TEST_HOST)";
				DEVELOPMENT_TEAM = 7QQX7GNST9;
				INFOPLIST_FILE = CollectionViewTests/Info.plist;
				LD_RUNPATH_SEARCH_PATHS = "$(inherited) @executable_path/Frameworks @loader_path/Frameworks";
				PRODUCT_BUNDLE_IDENTIFIER = com.miriamhendler.CollectionViewTests;
				PRODUCT_NAME = "$(TARGET_NAME)";
				SWIFT_VERSION = 3.0;
				TEST_HOST = "$(BUILT_PRODUCTS_DIR)/CollectionView.app/CollectionView";
			};
			name = Release;
		};
		E6084C6D1DFF8AFE00C07E10 /* Debug */ = {
			isa = XCBuildConfiguration;
			buildSettings = {
				ALWAYS_EMBED_SWIFT_STANDARD_LIBRARIES = YES;
				DEVELOPMENT_TEAM = 7QQX7GNST9;
				INFOPLIST_FILE = CollectionViewUITests/Info.plist;
				LD_RUNPATH_SEARCH_PATHS = "$(inherited) @executable_path/Frameworks @loader_path/Frameworks";
				PRODUCT_BUNDLE_IDENTIFIER = com.miriamhendler.CollectionViewUITests;
				PRODUCT_NAME = "$(TARGET_NAME)";
				SWIFT_VERSION = 3.0;
				TEST_TARGET_NAME = CollectionView;
			};
			name = Debug;
		};
		E6084C6E1DFF8AFE00C07E10 /* Release */ = {
			isa = XCBuildConfiguration;
			buildSettings = {
				ALWAYS_EMBED_SWIFT_STANDARD_LIBRARIES = YES;
				DEVELOPMENT_TEAM = 7QQX7GNST9;
				INFOPLIST_FILE = CollectionViewUITests/Info.plist;
				LD_RUNPATH_SEARCH_PATHS = "$(inherited) @executable_path/Frameworks @loader_path/Frameworks";
				PRODUCT_BUNDLE_IDENTIFIER = com.miriamhendler.CollectionViewUITests;
				PRODUCT_NAME = "$(TARGET_NAME)";
				SWIFT_VERSION = 3.0;
				TEST_TARGET_NAME = CollectionView;
			};
			name = Release;
		};
/* End XCBuildConfiguration section */

/* Begin XCConfigurationList section */
		E6084C391DFF8AFE00C07E10 /* Build configuration list for PBXProject "CollectionView" */ = {
			isa = XCConfigurationList;
			buildConfigurations = (
				E6084C641DFF8AFE00C07E10 /* Debug */,
				E6084C651DFF8AFE00C07E10 /* Release */,
			);
			defaultConfigurationIsVisible = 0;
			defaultConfigurationName = Release;
		};
		E6084C661DFF8AFE00C07E10 /* Build configuration list for PBXNativeTarget "CollectionView" */ = {
			isa = XCConfigurationList;
			buildConfigurations = (
				E6084C671DFF8AFE00C07E10 /* Debug */,
				E6084C681DFF8AFE00C07E10 /* Release */,
			);
			defaultConfigurationIsVisible = 0;
			defaultConfigurationName = Release;
		};
		E6084C691DFF8AFE00C07E10 /* Build configuration list for PBXNativeTarget "CollectionViewTests" */ = {
			isa = XCConfigurationList;
			buildConfigurations = (
				E6084C6A1DFF8AFE00C07E10 /* Debug */,
				E6084C6B1DFF8AFE00C07E10 /* Release */,
			);
			defaultConfigurationIsVisible = 0;
			defaultConfigurationName = Release;
		};
		E6084C6C1DFF8AFE00C07E10 /* Build configuration list for PBXNativeTarget "CollectionViewUITests" */ = {
			isa = XCConfigurationList;
			buildConfigurations = (
				E6084C6D1DFF8AFE00C07E10 /* Debug */,
				E6084C6E1DFF8AFE00C07E10 /* Release */,
			);
			defaultConfigurationIsVisible = 0;
			defaultConfigurationName = Release;
		};
/* End XCConfigurationList section */
	};
	rootObject = E6084C361DFF8AFE00C07E10 /* Project object */;
}
